
Microsoft Visual Studio Solution File, Format Version 12.00
# Visual Studio Version 16
VisualStudioVersion = 16.0.31105.61
MinimumVisualStudioVersion = 10.0.40219.1
Project("{FAE04EC0-301F-11D3-BF4B-00C04F79EFBC}") = "FileManager", "FileManager\FileManager.csproj", "{B2FBA7BF-E72B-4214-8E09-51269DBCA1D1}"
EndProject
Global
	GlobalSection(SolutionConfigurationPlatforms) = preSolution
		Debug|Any CPU = Debug|Any CPU
		Release|Any CPU = Release|Any CPU
	EndGlobalSection
	GlobalSection(ProjectConfigurationPlatforms) = postSolution
		{B2FBA7BF-E72B-4214-8E09-51269DBCA1D1}.Debug|Any CPU.ActiveCfg = Debug|Any CPU
		{B2FBA7BF-E72B-4214-8E09-51269DBCA1D1}.Debug|Any CPU.Build.0 = Debug|Any CPU
		{B2FBA7BF-E72B-4214-8E09-51269DBCA1D1}.Release|Any CPU.ActiveCfg = Release|Any CPU
		{B2FBA7BF-E72B-4214-8E09-51269DBCA1D1}.Release|Any CPU.Build.0 = Release|Any CPU
	EndGlobalSection
	GlobalSection(SolutionProperties) = preSolution
		HideSolutionNode = FALSE
	EndGlobalSection
	GlobalSection(ExtensibilityGlobals) = postSolution
		SolutionGuid = {658517C3-EED6-4463-81E5-DA256313B346}
	EndGlobalSection
EndGlobal
